
Microsoft Visual Studio Solution File, Format Version 12.00
# Visual Studio Version 17
VisualStudioVersion = 17.0.31912.275
MinimumVisualStudioVersion = 10.0.40219.1
Project("{FAE04EC0-301F-11D3-BF4B-00C04F79EFBC}") = "ScooterCompany", "ScooterCompany\ScooterCompany.csproj", "{B5DD3D1C-D4C5-42A8-8CC6-F540733E6B7C}"
EndProject
Project("{FAE04EC0-301F-11D3-BF4B-00C04F79EFBC}") = "ScooterCompany.Tests", "ScooterCompany.Tests\ScooterCompany.Tests.csproj", "{AF5766FB-0FD7-4D13-84B5-AB898BB28623}"
EndProject
Global
	GlobalSection(SolutionConfigurationPlatforms) = preSolution
		Debug|Any CPU = Debug|Any CPU
		Release|Any CPU = Release|Any CPU
	EndGlobalSection
	GlobalSection(ProjectConfigurationPlatforms) = postSolution
		{B5DD3D1C-D4C5-42A8-8CC6-F540733E6B7C}.Debug|Any CPU.ActiveCfg = Debug|Any CPU
		{B5DD3D1C-D4C5-42A8-8CC6-F540733E6B7C}.Debug|Any CPU.Build.0 = Debug|Any CPU
		{B5DD3D1C-D4C5-42A8-8CC6-F540733E6B7C}.Release|Any CPU.ActiveCfg = Release|Any CPU
		{B5DD3D1C-D4C5-42A8-8CC6-F540733E6B7C}.Release|Any CPU.Build.0 = Release|Any CPU
		{AF5766FB-0FD7-4D13-84B5-AB898BB28623}.Debug|Any CPU.ActiveCfg = Debug|Any CPU
		{AF5766FB-0FD7-4D13-84B5-AB898BB28623}.Debug|Any CPU.Build.0 = Debug|Any CPU
		{AF5766FB-0FD7-4D13-84B5-AB898BB28623}.Release|Any CPU.ActiveCfg = Release|Any CPU
		{AF5766FB-0FD7-4D13-84B5-AB898BB28623}.Release|Any CPU.Build.0 = Release|Any CPU
	EndGlobalSection
	GlobalSection(SolutionProperties) = preSolution
		HideSolutionNode = FALSE
	EndGlobalSection
	GlobalSection(ExtensibilityGlobals) = postSolution
		SolutionGuid = {FD6974E8-80DD-4554-8255-5EAD84716CCF}
	EndGlobalSection
EndGlobal
